
Microsoft Visual Studio Solution File, Format Version 12.00
Project("{FAE04EC0-301F-11D3-BF4B-00C04F79EFBC}") = "HIDDeviceControl.ConsoleApp", "HIDDeviceControl.ConsoleApp\HIDDeviceControl.ConsoleApp.csproj", "{61652FA4-BC37-48E7-83B4-A8A016238BB8}"
EndProject
Project("{FAE04EC0-301F-11D3-BF4B-00C04F79EFBC}") = "HIDDeviceControl.Lib", "HIDDeviceControl.Lib\HIDDeviceControl.Lib.csproj", "{C51A0699-7621-4AF7-863A-E17927389226}"
EndProject
Global
	GlobalSection(SolutionConfigurationPlatforms) = preSolution
		Debug|Any CPU = Debug|Any CPU
		Release|Any CPU = Release|Any CPU
	EndGlobalSection
	GlobalSection(ProjectConfigurationPlatforms) = postSolution
		{61652FA4-BC37-48E7-83B4-A8A016238BB8}.Debug|Any CPU.ActiveCfg = Debug|Any CPU
		{61652FA4-BC37-48E7-83B4-A8A016238BB8}.Debug|Any CPU.Build.0 = Debug|Any CPU
		{61652FA4-BC37-48E7-83B4-A8A016238BB8}.Release|Any CPU.ActiveCfg = Release|Any CPU
		{61652FA4-BC37-48E7-83B4-A8A016238BB8}.Release|Any CPU.Build.0 = Release|Any CPU
		{C51A0699-7621-4AF7-863A-E17927389226}.Debug|Any CPU.ActiveCfg = Debug|Any CPU
		{C51A0699-7621-4AF7-863A-E17927389226}.Debug|Any CPU.Build.0 = Debug|Any CPU
		{C51A0699-7621-4AF7-863A-E17927389226}.Release|Any CPU.ActiveCfg = Release|Any CPU
		{C51A0699-7621-4AF7-863A-E17927389226}.Release|Any CPU.Build.0 = Release|Any CPU
	EndGlobalSection
EndGlobal
